
Microsoft Visual Studio Solution File, Format Version 12.00
# Visual Studio 15
VisualStudioVersion = 15.0.28307.136
MinimumVisualStudioVersion = 10.0.40219.1
Project("{FAE04EC0-301F-11D3-BF4B-00C04F79EFBC}") = "autofacmultitenant", "autofacmultitenant\autofacmultitenant.csproj", "{88749A01-2C36-4ED3-AFE5-C6786113CDD5}"
EndProject
Global
	GlobalSection(SolutionConfigurationPlatforms) = preSolution
		Debug|Any CPU = Debug|Any CPU
		Release|Any CPU = Release|Any CPU
	EndGlobalSection
	GlobalSection(ProjectConfigurationPlatforms) = postSolution
		{88749A01-2C36-4ED3-AFE5-C6786113CDD5}.Debug|Any CPU.ActiveCfg = Debug|Any CPU
		{88749A01-2C36-4ED3-AFE5-C6786113CDD5}.Debug|Any CPU.Build.0 = Debug|Any CPU
		{88749A01-2C36-4ED3-AFE5-C6786113CDD5}.Release|Any CPU.ActiveCfg = Release|Any CPU
		{88749A01-2C36-4ED3-AFE5-C6786113CDD5}.Release|Any CPU.Build.0 = Release|Any CPU
	EndGlobalSection
	GlobalSection(SolutionProperties) = preSolution
		HideSolutionNode = FALSE
	EndGlobalSection
	GlobalSection(ExtensibilityGlobals) = postSolution
		SolutionGuid = {2442BE18-588D-404E-8294-C1D1FE368196}
	EndGlobalSection
EndGlobal
